
Microsoft Visual Studio Solution File, Format Version 11.00
# Visual C++ Express 2010
Project("{8BC9CEB8-8B4A-11D0-8D11-00A0C91BC942}") = "VCTest", "VCTest\VCTest.vcxproj", "{61ABBF6A-D7A2-4721-8F82-A2C65E71B6A9}"
EndProject
Global
	GlobalSection(SolutionConfigurationPlatforms) = preSolution
		Debug|Win32 = Debug|Win32
		Release|Win32 = Release|Win32
	EndGlobalSection
	GlobalSection(ProjectConfigurationPlatforms) = postSolution
		{61ABBF6A-D7A2-4721-8F82-A2C65E71B6A9}.Debug|Win32.ActiveCfg = Debug|Win32
		{61ABBF6A-D7A2-4721-8F82-A2C65E71B6A9}.Debug|Win32.Build.0 = Debug|Win32
		{61ABBF6A-D7A2-4721-8F82-A2C65E71B6A9}.Release|Win32.ActiveCfg = Release|Win32
		{61ABBF6A-D7A2-4721-8F82-A2C65E71B6A9}.Release|Win32.Build.0 = Release|Win32
	EndGlobalSection
	GlobalSection(SolutionProperties) = preSolution
		HideSolutionNode = FALSE
	EndGlobalSection
EndGlobal
